
Microsoft Visual Studio Solution File, Format Version 12.00
# Visual Studio Version 17
VisualStudioVersion = 17.9.34728.123
MinimumVisualStudioVersion = 10.0.40219.1
Project("{8BC9CEB8-8B4A-11D0-8D11-00A0C91BC942}") = "decimal-binary", "decimal-binary\decimal-binary.vcxproj", "{7EBC99BF-7DC4-42E4-A16F-2123401CC9DB}"
EndProject
Global
	GlobalSection(SolutionConfigurationPlatforms) = preSolution
		Debug|x64 = Debug|x64
		Debug|x86 = Debug|x86
		Release|x64 = Release|x64
		Release|x86 = Release|x86
	EndGlobalSection
	GlobalSection(ProjectConfigurationPlatforms) = postSolution
		{7EBC99BF-7DC4-42E4-A16F-2123401CC9DB}.Debug|x64.ActiveCfg = Debug|x64
		{7EBC99BF-7DC4-42E4-A16F-2123401CC9DB}.Debug|x64.Build.0 = Debug|x64
		{7EBC99BF-7DC4-42E4-A16F-2123401CC9DB}.Debug|x86.ActiveCfg = Debug|Win32
		{7EBC99BF-7DC4-42E4-A16F-2123401CC9DB}.Debug|x86.Build.0 = Debug|Win32
		{7EBC99BF-7DC4-42E4-A16F-2123401CC9DB}.Release|x64.ActiveCfg = Release|x64
		{7EBC99BF-7DC4-42E4-A16F-2123401CC9DB}.Release|x64.Build.0 = Release|x64
		{7EBC99BF-7DC4-42E4-A16F-2123401CC9DB}.Release|x86.ActiveCfg = Release|Win32
		{7EBC99BF-7DC4-42E4-A16F-2123401CC9DB}.Release|x86.Build.0 = Release|Win32
	EndGlobalSection
	GlobalSection(SolutionProperties) = preSolution
		HideSolutionNode = FALSE
	EndGlobalSection
	GlobalSection(ExtensibilityGlobals) = postSolution
		SolutionGuid = {2D3309F7-DB2B-4711-88E6-268B7095BAEB}
	EndGlobalSection
EndGlobal
